{
  "originHash" : "2debf44d3467a6898a8cfb25731dcc3c7a0764173efc66105f17e43583459311",
  "pins" : [
    {
      "identity" : "alamofire",
      "kind" : "remoteSourceControl",
      "location" : "https://github.com/Alamofire/Alamofire",
      "state" : {
        "revision" : "f455c2975872ccd2d9c81594c658af65716e9b9a",
        "version" : "5.9.1"
      }
    },
    {
      "identity" : "swiftsoup",
      "kind" : "remoteSourceControl",
      "location" : "https://github.com/scinfu/SwiftSoup",
      "state" : {
        "revision" : "3c2c7e1e72b8abd96eafbae80323c5c1e5317437",
        "version" : "2.7.5"
      }
    }
  ],
  "version" : 3
}
